
Microsoft Visual Studio Solution File, Format Version 12.00
# Visual Studio 15
VisualStudioVersion = 15.0.26124.0
MinimumVisualStudioVersion = 15.0.26124.0
Project("{9A19103F-16F7-4668-BE54-9A1E7A4F7556}") = "Sonirc.Parsers", "Sonirc.Parsers\Sonirc.Parsers.csproj", "{C8D24876-DB8D-4E60-9706-20F9D74BEBD4}"
EndProject
Project("{9A19103F-16F7-4668-BE54-9A1E7A4F7556}") = "Sonirc.Parsers.Tests", "Sonirc.Parsers.Test\Sonirc.Parsers.Tests.csproj", "{A8EF5B26-2D12-4764-B41B-C45A19C58E43}"
EndProject
Project("{9A19103F-16F7-4668-BE54-9A1E7A4F7556}") = "Sonirc.Models", "Sonirc.Models\Sonirc.Models.csproj", "{BD29E1CF-24B5-4E66-B10D-244439F85B01}"
EndProject
Project("{2150E333-8FDC-42A3-9474-1A3956D46DE8}") = "Solution Items", "Solution Items", "{D46DFBCB-75DA-4952-B491-65B29C4F1C5E}"
	ProjectSection(SolutionItems) = preProject
		.editorconfig = .editorconfig
	EndProjectSection
EndProject
Global
	GlobalSection(SolutionConfigurationPlatforms) = preSolution
		Debug|Any CPU = Debug|Any CPU
		Debug|x64 = Debug|x64
		Debug|x86 = Debug|x86
		Release|Any CPU = Release|Any CPU
		Release|x64 = Release|x64
		Release|x86 = Release|x86
	EndGlobalSection
	GlobalSection(ProjectConfigurationPlatforms) = postSolution
		{C8D24876-DB8D-4E60-9706-20F9D74BEBD4}.Debug|Any CPU.ActiveCfg = Debug|Any CPU
		{C8D24876-DB8D-4E60-9706-20F9D74BEBD4}.Debug|Any CPU.Build.0 = Debug|Any CPU
		{C8D24876-DB8D-4E60-9706-20F9D74BEBD4}.Debug|x64.ActiveCfg = Debug|Any CPU
		{C8D24876-DB8D-4E60-9706-20F9D74BEBD4}.Debug|x64.Build.0 = Debug|Any CPU
		{C8D24876-DB8D-4E60-9706-20F9D74BEBD4}.Debug|x86.ActiveCfg = Debug|Any CPU
		{C8D24876-DB8D-4E60-9706-20F9D74BEBD4}.Debug|x86.Build.0 = Debug|Any CPU
		{C8D24876-DB8D-4E60-9706-20F9D74BEBD4}.Release|Any CPU.ActiveCfg = Release|Any CPU
		{C8D24876-DB8D-4E60-9706-20F9D74BEBD4}.Release|Any CPU.Build.0 = Release|Any CPU
		{C8D24876-DB8D-4E60-9706-20F9D74BEBD4}.Release|x64.ActiveCfg = Release|Any CPU
		{C8D24876-DB8D-4E60-9706-20F9D74BEBD4}.Release|x64.Build.0 = Release|Any CPU
		{C8D24876-DB8D-4E60-9706-20F9D74BEBD4}.Release|x86.ActiveCfg = Release|Any CPU
		{C8D24876-DB8D-4E60-9706-20F9D74BEBD4}.Release|x86.Build.0 = Release|Any CPU
		{A8EF5B26-2D12-4764-B41B-C45A19C58E43}.Debug|Any CPU.ActiveCfg = Debug|Any CPU
		{A8EF5B26-2D12-4764-B41B-C45A19C58E43}.Debug|Any CPU.Build.0 = Debug|Any CPU
		{A8EF5B26-2D12-4764-B41B-C45A19C58E43}.Debug|x64.ActiveCfg = Debug|Any CPU
		{A8EF5B26-2D12-4764-B41B-C45A19C58E43}.Debug|x64.Build.0 = Debug|Any CPU
		{A8EF5B26-2D12-4764-B41B-C45A19C58E43}.Debug|x86.ActiveCfg = Debug|Any CPU
		{A8EF5B26-2D12-4764-B41B-C45A19C58E43}.Debug|x86.Build.0 = Debug|Any CPU
		{A8EF5B26-2D12-4764-B41B-C45A19C58E43}.Release|Any CPU.ActiveCfg = Release|Any CPU
		{A8EF5B26-2D12-4764-B41B-C45A19C58E43}.Release|Any CPU.Build.0 = Release|Any CPU
		{A8EF5B26-2D12-4764-B41B-C45A19C58E43}.Release|x64.ActiveCfg = Release|Any CPU
		{A8EF5B26-2D12-4764-B41B-C45A19C58E43}.Release|x64.Build.0 = Release|Any CPU
		{A8EF5B26-2D12-4764-B41B-C45A19C58E43}.Release|x86.ActiveCfg = Release|Any CPU
		{A8EF5B26-2D12-4764-B41B-C45A19C58E43}.Release|x86.Build.0 = Release|Any CPU
		{BD29E1CF-24B5-4E66-B10D-244439F85B01}.Debug|Any CPU.ActiveCfg = Debug|Any CPU
		{BD29E1CF-24B5-4E66-B10D-244439F85B01}.Debug|Any CPU.Build.0 = Debug|Any CPU
		{BD29E1CF-24B5-4E66-B10D-244439F85B01}.Debug|x64.ActiveCfg = Debug|Any CPU
		{BD29E1CF-24B5-4E66-B10D-244439F85B01}.Debug|x64.Build.0 = Debug|Any CPU
		{BD29E1CF-24B5-4E66-B10D-244439F85B01}.Debug|x86.ActiveCfg = Debug|Any CPU
		{BD29E1CF-24B5-4E66-B10D-244439F85B01}.Debug|x86.Build.0 = Debug|Any CPU
		{BD29E1CF-24B5-4E66-B10D-244439F85B01}.Release|Any CPU.ActiveCfg = Release|Any CPU
		{BD29E1CF-24B5-4E66-B10D-244439F85B01}.Release|Any CPU.Build.0 = Release|Any CPU
		{BD29E1CF-24B5-4E66-B10D-244439F85B01}.Release|x64.ActiveCfg = Release|Any CPU
		{BD29E1CF-24B5-4E66-B10D-244439F85B01}.Release|x64.Build.0 = Release|Any CPU
		{BD29E1CF-24B5-4E66-B10D-244439F85B01}.Release|x86.ActiveCfg = Release|Any CPU
		{BD29E1CF-24B5-4E66-B10D-244439F85B01}.Release|x86.Build.0 = Release|Any CPU
	EndGlobalSection
	GlobalSection(SolutionProperties) = preSolution
		HideSolutionNode = FALSE
	EndGlobalSection
	GlobalSection(ExtensibilityGlobals) = postSolution
		SolutionGuid = {2B13F48A-BC1D-491A-9993-E044CB3DD33C}
	EndGlobalSection
EndGlobal
